
Microsoft Visual Studio Solution File, Format Version 12.00
# Visual Studio 15
VisualStudioVersion = 15.0.28307.421
MinimumVisualStudioVersion = 10.0.40219.1
Project("{FAE04EC0-301F-11D3-BF4B-00C04F79EFBC}") = "WorkoutApp", "WorkoutApp\WorkoutApp.csproj", "{1CDEC400-AD15-4753-891E-F442D416FE23}"
EndProject
Project("{54435603-DBB4-11D2-8724-00A0C9A8B90C}") = "Setup", "Setup\Setup.vdproj", "{FA50FBC3-51CE-4A13-A919-885FE778BD55}"
EndProject
Global
	GlobalSection(SolutionConfigurationPlatforms) = preSolution
		Debug|Any CPU = Debug|Any CPU
		Debug|x64 = Debug|x64
		Debug|x86 = Debug|x86
		Release|Any CPU = Release|Any CPU
		Release|x64 = Release|x64
		Release|x86 = Release|x86
	EndGlobalSection
	GlobalSection(ProjectConfigurationPlatforms) = postSolution
		{1CDEC400-AD15-4753-891E-F442D416FE23}.Debug|Any CPU.ActiveCfg = Debug|Any CPU
		{1CDEC400-AD15-4753-891E-F442D416FE23}.Debug|Any CPU.Build.0 = Debug|Any CPU
		{1CDEC400-AD15-4753-891E-F442D416FE23}.Debug|x64.ActiveCfg = Debug|Any CPU
		{1CDEC400-AD15-4753-891E-F442D416FE23}.Debug|x64.Build.0 = Debug|Any CPU
		{1CDEC400-AD15-4753-891E-F442D416FE23}.Debug|x86.ActiveCfg = Debug|Any CPU
		{1CDEC400-AD15-4753-891E-F442D416FE23}.Debug|x86.Build.0 = Debug|Any CPU
		{1CDEC400-AD15-4753-891E-F442D416FE23}.Release|Any CPU.ActiveCfg = Release|Any CPU
		{1CDEC400-AD15-4753-891E-F442D416FE23}.Release|Any CPU.Build.0 = Release|Any CPU
		{1CDEC400-AD15-4753-891E-F442D416FE23}.Release|x64.ActiveCfg = Release|Any CPU
		{1CDEC400-AD15-4753-891E-F442D416FE23}.Release|x64.Build.0 = Release|Any CPU
		{1CDEC400-AD15-4753-891E-F442D416FE23}.Release|x86.ActiveCfg = Release|Any CPU
		{1CDEC400-AD15-4753-891E-F442D416FE23}.Release|x86.Build.0 = Release|Any CPU
		{FA50FBC3-51CE-4A13-A919-885FE778BD55}.Debug|Any CPU.ActiveCfg = Debug
		{FA50FBC3-51CE-4A13-A919-885FE778BD55}.Debug|x64.ActiveCfg = Debug
		{FA50FBC3-51CE-4A13-A919-885FE778BD55}.Debug|x64.Build.0 = Debug
		{FA50FBC3-51CE-4A13-A919-885FE778BD55}.Debug|x86.ActiveCfg = Debug
		{FA50FBC3-51CE-4A13-A919-885FE778BD55}.Debug|x86.Build.0 = Debug
		{FA50FBC3-51CE-4A13-A919-885FE778BD55}.Release|Any CPU.ActiveCfg = Release
		{FA50FBC3-51CE-4A13-A919-885FE778BD55}.Release|x64.ActiveCfg = Release
		{FA50FBC3-51CE-4A13-A919-885FE778BD55}.Release|x64.Build.0 = Release
		{FA50FBC3-51CE-4A13-A919-885FE778BD55}.Release|x86.ActiveCfg = Release
		{FA50FBC3-51CE-4A13-A919-885FE778BD55}.Release|x86.Build.0 = Release
	EndGlobalSection
	GlobalSection(SolutionProperties) = preSolution
		HideSolutionNode = FALSE
	EndGlobalSection
	GlobalSection(ExtensibilityGlobals) = postSolution
		SolutionGuid = {7FDAA3C3-113E-4102-A09F-6617B63E2DE1}
	EndGlobalSection
EndGlobal
